
Microsoft Visual Studio Solution File, Format Version 12.00
# Visual Studio Version 17
VisualStudioVersion = 17.5.33424.131
MinimumVisualStudioVersion = 10.0.40219.1
Project("{FAE04EC0-301F-11D3-BF4B-00C04F79EFBC}") = "EPAM", "EPAM\EPAM.csproj", "{19856DA7-234F-4E57-8D36-C8643D01AD7A}"
EndProject
Global
	GlobalSection(SolutionConfigurationPlatforms) = preSolution
		Debug|Any CPU = Debug|Any CPU
		Release|Any CPU = Release|Any CPU
	EndGlobalSection
	GlobalSection(ProjectConfigurationPlatforms) = postSolution
		{19856DA7-234F-4E57-8D36-C8643D01AD7A}.Debug|Any CPU.ActiveCfg = Debug|Any CPU
		{19856DA7-234F-4E57-8D36-C8643D01AD7A}.Debug|Any CPU.Build.0 = Debug|Any CPU
		{19856DA7-234F-4E57-8D36-C8643D01AD7A}.Release|Any CPU.ActiveCfg = Release|Any CPU
		{19856DA7-234F-4E57-8D36-C8643D01AD7A}.Release|Any CPU.Build.0 = Release|Any CPU
	EndGlobalSection
	GlobalSection(SolutionProperties) = preSolution
		HideSolutionNode = FALSE
	EndGlobalSection
	GlobalSection(ExtensibilityGlobals) = postSolution
		SolutionGuid = {5E7E780C-4E26-46B7-B9FA-E351D129AC44}
	EndGlobalSection
EndGlobal
